
Microsoft Visual Studio Solution File, Format Version 12.00
# Visual Studio 15
VisualStudioVersion = 15.0.27703.2047
MinimumVisualStudioVersion = 10.0.40219.1
Project("{9A19103F-16F7-4668-BE54-9A1E7A4F7556}") = "01LocalData", "01LocalData\01LocalData.csproj", "{A291E0C1-672C-4C94-953B-F9FF4C2A862E}"
EndProject
Project("{FAE04EC0-301F-11D3-BF4B-00C04F79EFBC}") = "02SerializeDeserialze", "02SerializeDeserialze\02SerializeDeserialze.csproj", "{98B2D787-96A1-480A-8921-E5B8A9842679}"
EndProject
Global
	GlobalSection(SolutionConfigurationPlatforms) = preSolution
		Debug|Any CPU = Debug|Any CPU
		Release|Any CPU = Release|Any CPU
	EndGlobalSection
	GlobalSection(ProjectConfigurationPlatforms) = postSolution
		{A291E0C1-672C-4C94-953B-F9FF4C2A862E}.Debug|Any CPU.ActiveCfg = Debug|Any CPU
		{A291E0C1-672C-4C94-953B-F9FF4C2A862E}.Debug|Any CPU.Build.0 = Debug|Any CPU
		{A291E0C1-672C-4C94-953B-F9FF4C2A862E}.Release|Any CPU.ActiveCfg = Release|Any CPU
		{A291E0C1-672C-4C94-953B-F9FF4C2A862E}.Release|Any CPU.Build.0 = Release|Any CPU
		{98B2D787-96A1-480A-8921-E5B8A9842679}.Debug|Any CPU.ActiveCfg = Debug|Any CPU
		{98B2D787-96A1-480A-8921-E5B8A9842679}.Debug|Any CPU.Build.0 = Debug|Any CPU
		{98B2D787-96A1-480A-8921-E5B8A9842679}.Release|Any CPU.ActiveCfg = Release|Any CPU
		{98B2D787-96A1-480A-8921-E5B8A9842679}.Release|Any CPU.Build.0 = Release|Any CPU
	EndGlobalSection
	GlobalSection(SolutionProperties) = preSolution
		HideSolutionNode = FALSE
	EndGlobalSection
	GlobalSection(ExtensibilityGlobals) = postSolution
		SolutionGuid = {806339A4-F418-4DA6-AD61-9A3819260A9C}
	EndGlobalSection
EndGlobal
