
Microsoft Visual Studio Solution File, Format Version 12.00
# Visual Studio 15
VisualStudioVersion = 15.0.27703.2047
MinimumVisualStudioVersion = 10.0.40219.1
Project("{FAE04EC0-301F-11D3-BF4B-00C04F79EFBC}") = "01IDisposable", "01IDisposable\01IDisposable.csproj", "{09D957AC-813E-4F23-AAB3-A0B6F7053A09}"
EndProject
Project("{FAE04EC0-301F-11D3-BF4B-00C04F79EFBC}") = "02IEnumerable", "02IEnumerable\02IEnumerable.csproj", "{48F360BC-2B9B-410A-AC9C-70AE11761DCF}"
EndProject
Global
	GlobalSection(SolutionConfigurationPlatforms) = preSolution
		Debug|Any CPU = Debug|Any CPU
		Release|Any CPU = Release|Any CPU
	EndGlobalSection
	GlobalSection(ProjectConfigurationPlatforms) = postSolution
		{09D957AC-813E-4F23-AAB3-A0B6F7053A09}.Debug|Any CPU.ActiveCfg = Debug|Any CPU
		{09D957AC-813E-4F23-AAB3-A0B6F7053A09}.Debug|Any CPU.Build.0 = Debug|Any CPU
		{09D957AC-813E-4F23-AAB3-A0B6F7053A09}.Release|Any CPU.ActiveCfg = Release|Any CPU
		{09D957AC-813E-4F23-AAB3-A0B6F7053A09}.Release|Any CPU.Build.0 = Release|Any CPU
		{48F360BC-2B9B-410A-AC9C-70AE11761DCF}.Debug|Any CPU.ActiveCfg = Debug|Any CPU
		{48F360BC-2B9B-410A-AC9C-70AE11761DCF}.Debug|Any CPU.Build.0 = Debug|Any CPU
		{48F360BC-2B9B-410A-AC9C-70AE11761DCF}.Release|Any CPU.ActiveCfg = Release|Any CPU
		{48F360BC-2B9B-410A-AC9C-70AE11761DCF}.Release|Any CPU.Build.0 = Release|Any CPU
	EndGlobalSection
	GlobalSection(SolutionProperties) = preSolution
		HideSolutionNode = FALSE
	EndGlobalSection
	GlobalSection(ExtensibilityGlobals) = postSolution
		SolutionGuid = {DDC54D36-9A09-4705-B4E7-72A6C760303A}
	EndGlobalSection
EndGlobal
