
Microsoft Visual Studio Solution File, Format Version 12.00
# Visual Studio 15
VisualStudioVersion = 15.0.27703.2047
MinimumVisualStudioVersion = 10.0.40219.1
Project("{FAE04EC0-301F-11D3-BF4B-00C04F79EFBC}") = "02Exceptions", "02Exceptions\02Exceptions.csproj", "{6D3C88F9-3B23-48D1-AB8B-988DA9D712CD}"
EndProject
Project("{FAE04EC0-301F-11D3-BF4B-00C04F79EFBC}") = "03ExceptionDotNetFramework", "03ExceptionDotNetFramework\03ExceptionDotNetFramework.csproj", "{3AC2A18C-AC0B-47B9-8A02-A13DD3CCEE2B}"
EndProject
Project("{FAE04EC0-301F-11D3-BF4B-00C04F79EFBC}") = "06Log4Net", "06Log4Net\06Log4Net.csproj", "{E3C6908C-6C7C-48C5-9F4A-EAD46339A5CD}"
EndProject
Global
	GlobalSection(SolutionConfigurationPlatforms) = preSolution
		Debug|Any CPU = Debug|Any CPU
		Release|Any CPU = Release|Any CPU
	EndGlobalSection
	GlobalSection(ProjectConfigurationPlatforms) = postSolution
		{6D3C88F9-3B23-48D1-AB8B-988DA9D712CD}.Debug|Any CPU.ActiveCfg = Debug|Any CPU
		{6D3C88F9-3B23-48D1-AB8B-988DA9D712CD}.Debug|Any CPU.Build.0 = Debug|Any CPU
		{6D3C88F9-3B23-48D1-AB8B-988DA9D712CD}.Release|Any CPU.ActiveCfg = Release|Any CPU
		{6D3C88F9-3B23-48D1-AB8B-988DA9D712CD}.Release|Any CPU.Build.0 = Release|Any CPU
		{3AC2A18C-AC0B-47B9-8A02-A13DD3CCEE2B}.Debug|Any CPU.ActiveCfg = Debug|Any CPU
		{3AC2A18C-AC0B-47B9-8A02-A13DD3CCEE2B}.Debug|Any CPU.Build.0 = Debug|Any CPU
		{3AC2A18C-AC0B-47B9-8A02-A13DD3CCEE2B}.Release|Any CPU.ActiveCfg = Release|Any CPU
		{3AC2A18C-AC0B-47B9-8A02-A13DD3CCEE2B}.Release|Any CPU.Build.0 = Release|Any CPU
		{E3C6908C-6C7C-48C5-9F4A-EAD46339A5CD}.Debug|Any CPU.ActiveCfg = Debug|Any CPU
		{E3C6908C-6C7C-48C5-9F4A-EAD46339A5CD}.Debug|Any CPU.Build.0 = Debug|Any CPU
		{E3C6908C-6C7C-48C5-9F4A-EAD46339A5CD}.Release|Any CPU.ActiveCfg = Release|Any CPU
		{E3C6908C-6C7C-48C5-9F4A-EAD46339A5CD}.Release|Any CPU.Build.0 = Release|Any CPU
	EndGlobalSection
	GlobalSection(SolutionProperties) = preSolution
		HideSolutionNode = FALSE
	EndGlobalSection
	GlobalSection(ExtensibilityGlobals) = postSolution
		SolutionGuid = {AD68B6A6-27A6-4122-9479-F70F82931808}
	EndGlobalSection
EndGlobal
