
Microsoft Visual Studio Solution File, Format Version 12.00
# Visual Studio 15
VisualStudioVersion = 15.0.27703.2047
MinimumVisualStudioVersion = 10.0.40219.1
Project("{9A19103F-16F7-4668-BE54-9A1E7A4F7556}") = "09DelegateDef", "09DelegateDef\09DelegateDef.csproj", "{7590038C-F214-4BAB-B6A8-465328A9CA9C}"
EndProject
Project("{9A19103F-16F7-4668-BE54-9A1E7A4F7556}") = "10DelegateExample", "10DelegateExample\10DelegateExample.csproj", "{21EF2D1C-BC45-427B-95F1-82E8F225CC95}"
EndProject
Project("{FAE04EC0-301F-11D3-BF4B-00C04F79EFBC}") = "11FuncActionLambda", "11FuncActionLambda\11FuncActionLambda.csproj", "{3D8B0911-E040-4A10-9E21-6ADCFE812A0D}"
EndProject
Global
	GlobalSection(SolutionConfigurationPlatforms) = preSolution
		Debug|Any CPU = Debug|Any CPU
		Release|Any CPU = Release|Any CPU
	EndGlobalSection
	GlobalSection(ProjectConfigurationPlatforms) = postSolution
		{7590038C-F214-4BAB-B6A8-465328A9CA9C}.Debug|Any CPU.ActiveCfg = Debug|Any CPU
		{7590038C-F214-4BAB-B6A8-465328A9CA9C}.Debug|Any CPU.Build.0 = Debug|Any CPU
		{7590038C-F214-4BAB-B6A8-465328A9CA9C}.Release|Any CPU.ActiveCfg = Release|Any CPU
		{7590038C-F214-4BAB-B6A8-465328A9CA9C}.Release|Any CPU.Build.0 = Release|Any CPU
		{21EF2D1C-BC45-427B-95F1-82E8F225CC95}.Debug|Any CPU.ActiveCfg = Debug|Any CPU
		{21EF2D1C-BC45-427B-95F1-82E8F225CC95}.Debug|Any CPU.Build.0 = Debug|Any CPU
		{21EF2D1C-BC45-427B-95F1-82E8F225CC95}.Release|Any CPU.ActiveCfg = Release|Any CPU
		{21EF2D1C-BC45-427B-95F1-82E8F225CC95}.Release|Any CPU.Build.0 = Release|Any CPU
		{3D8B0911-E040-4A10-9E21-6ADCFE812A0D}.Debug|Any CPU.ActiveCfg = Debug|Any CPU
		{3D8B0911-E040-4A10-9E21-6ADCFE812A0D}.Debug|Any CPU.Build.0 = Debug|Any CPU
		{3D8B0911-E040-4A10-9E21-6ADCFE812A0D}.Release|Any CPU.ActiveCfg = Release|Any CPU
		{3D8B0911-E040-4A10-9E21-6ADCFE812A0D}.Release|Any CPU.Build.0 = Release|Any CPU
	EndGlobalSection
	GlobalSection(SolutionProperties) = preSolution
		HideSolutionNode = FALSE
	EndGlobalSection
	GlobalSection(ExtensibilityGlobals) = postSolution
		SolutionGuid = {E27C8D8E-C212-4B1A-85A7-D20580CBFD78}
	EndGlobalSection
EndGlobal
