
Microsoft Visual Studio Solution File, Format Version 12.00
# Visual Studio 15
VisualStudioVersion = 15.0.27703.2047
MinimumVisualStudioVersion = 10.0.40219.1
Project("{FAE04EC0-301F-11D3-BF4B-00C04F79EFBC}") = "01ObserverPattern", "01ObserverPattern\01ObserverPattern.csproj", "{0A6CF495-EFF7-47CC-846A-A43B6085C26C}"
EndProject
Global
	GlobalSection(SolutionConfigurationPlatforms) = preSolution
		Debug|Any CPU = Debug|Any CPU
		Release|Any CPU = Release|Any CPU
	EndGlobalSection
	GlobalSection(ProjectConfigurationPlatforms) = postSolution
		{0A6CF495-EFF7-47CC-846A-A43B6085C26C}.Debug|Any CPU.ActiveCfg = Debug|Any CPU
		{0A6CF495-EFF7-47CC-846A-A43B6085C26C}.Debug|Any CPU.Build.0 = Debug|Any CPU
		{0A6CF495-EFF7-47CC-846A-A43B6085C26C}.Release|Any CPU.ActiveCfg = Release|Any CPU
		{0A6CF495-EFF7-47CC-846A-A43B6085C26C}.Release|Any CPU.Build.0 = Release|Any CPU
	EndGlobalSection
	GlobalSection(SolutionProperties) = preSolution
		HideSolutionNode = FALSE
	EndGlobalSection
	GlobalSection(ExtensibilityGlobals) = postSolution
		SolutionGuid = {C5A50373-3301-433A-9293-9B2DDF395D63}
	EndGlobalSection
EndGlobal
